Microsoft Visual Studio Solution File, Format Version 12.00
# Visual Studio Version 17
VisualStudioVersion = 17.5.2.0
MinimumVisualStudioVersion = 10.0.40219.1
Project("{FAE04EC0-301F-11D3-BF4B-00C04F79EFBC}") = "workstation-backend", "workstation-backend.csproj", "{CFCCC7F7-2F7E-1507-CCF2-916127D4F965}"
EndProject
Global
	GlobalSection(SolutionConfigurationPlatforms) = preSolution
		Debug|Any CPU = Debug|Any CPU
		Release|Any CPU = Release|Any CPU
	EndGlobalSection
	GlobalSection(ProjectConfigurationPlatforms) = postSolution
		{CFCCC7F7-2F7E-1507-CCF2-916127D4F965}.Debug|Any CPU.ActiveCfg = Debug|Any CPU
		{CFCCC7F7-2F7E-1507-CCF2-916127D4F965}.Debug|Any CPU.Build.0 = Debug|Any CPU
		{CFCCC7F7-2F7E-1507-CCF2-916127D4F965}.Release|Any CPU.ActiveCfg = Release|Any CPU
		{CFCCC7F7-2F7E-1507-CCF2-916127D4F965}.Release|Any CPU.Build.0 = Release|Any CPU
	EndGlobalSection
	GlobalSection(SolutionProperties) = preSolution
		HideSolutionNode = FALSE
	EndGlobalSection
	GlobalSection(ExtensibilityGlobals) = postSolution
		SolutionGuid = {D71C3B7B-762B-4C52-8AA1-2F07ADA390DC}
	EndGlobalSection
EndGlobal
